
Microsoft Visual Studio Solution File, Format Version 12.00
# Visual Studio Version 17
VisualStudioVersion = 17.6.33723.286
MinimumVisualStudioVersion = 10.0.40219.1
Project("{8BC9CEB8-8B4A-11D0-8D11-00A0C91BC942}") = "APIHookInjectorBin", "APIHookInjectorBin\APIHookInjectorBin.vcxproj", "{EC2AAFF0-B349-4855-9093-96ACF6EE3299}"
EndProject
Global
	GlobalSection(SolutionConfigurationPlatforms) = preSolution
		Debug|x64 = Debug|x64
		Debug|x86 = Debug|x86
		Release|x64 = Release|x64
		Release|x86 = Release|x86
	EndGlobalSection
	GlobalSection(ProjectConfigurationPlatforms) = postSolution
		{EC2AAFF0-B349-4855-9093-96ACF6EE3299}.Debug|x64.ActiveCfg = Debug|x64
		{EC2AAFF0-B349-4855-9093-96ACF6EE3299}.Debug|x64.Build.0 = Debug|x64
		{EC2AAFF0-B349-4855-9093-96ACF6EE3299}.Debug|x86.ActiveCfg = Debug|Win32
		{EC2AAFF0-B349-4855-9093-96ACF6EE3299}.Debug|x86.Build.0 = Debug|Win32
		{EC2AAFF0-B349-4855-9093-96ACF6EE3299}.Release|x64.ActiveCfg = Release|x64
		{EC2AAFF0-B349-4855-9093-96ACF6EE3299}.Release|x64.Build.0 = Release|x64
		{EC2AAFF0-B349-4855-9093-96ACF6EE3299}.Release|x86.ActiveCfg = Release|Win32
		{EC2AAFF0-B349-4855-9093-96ACF6EE3299}.Release|x86.Build.0 = Release|Win32
	EndGlobalSection
	GlobalSection(SolutionProperties) = preSolution
		HideSolutionNode = FALSE
	EndGlobalSection
	GlobalSection(ExtensibilityGlobals) = postSolution
		SolutionGuid = {651DE7FD-F69B-40E2-AA16-B6997D6806D0}
	EndGlobalSection
EndGlobal
